
Microsoft Visual Studio Solution File, Format Version 12.00
# Visual Studio Version 16
VisualStudioVersion = 16.0.32106.194
MinimumVisualStudioVersion = 10.0.40219.1
Project("{9A19103F-16F7-4668-BE54-9A1E7A4F7556}") = "Sistema Supermercado API", "Sistema Supermercado API\Sistema Supermercado API.csproj", "{1E86180E-195C-430C-A88C-F9099B0CE48B}"
EndProject
Global
	GlobalSection(SolutionConfigurationPlatforms) = preSolution
		Debug|Any CPU = Debug|Any CPU
		Release|Any CPU = Release|Any CPU
	EndGlobalSection
	GlobalSection(ProjectConfigurationPlatforms) = postSolution
		{1E86180E-195C-430C-A88C-F9099B0CE48B}.Debug|Any CPU.ActiveCfg = Debug|Any CPU
		{1E86180E-195C-430C-A88C-F9099B0CE48B}.Debug|Any CPU.Build.0 = Debug|Any CPU
		{1E86180E-195C-430C-A88C-F9099B0CE48B}.Release|Any CPU.ActiveCfg = Release|Any CPU
		{1E86180E-195C-430C-A88C-F9099B0CE48B}.Release|Any CPU.Build.0 = Release|Any CPU
	EndGlobalSection
	GlobalSection(SolutionProperties) = preSolution
		HideSolutionNode = FALSE
	EndGlobalSection
	GlobalSection(ExtensibilityGlobals) = postSolution
		SolutionGuid = {D98FF998-1836-499A-B42D-8FD0F4F73A6E}
	EndGlobalSection
EndGlobal
